
Microsoft Visual Studio Solution File, Format Version 12.00
# Visual Studio 15
VisualStudioVersion = 15.0.28010.2048
MinimumVisualStudioVersion = 10.0.40219.1
Project("{FAE04EC0-301F-11D3-BF4B-00C04F79EFBC}") = "Testprojekt_1_Git", "Testprojekt_1_Git\Testprojekt_1_Git.csproj", "{6BCA64A1-CA64-4219-A434-40BDA82018EE}"
EndProject
Global
	GlobalSection(SolutionConfigurationPlatforms) = preSolution
		Debug|Any CPU = Debug|Any CPU
		Release|Any CPU = Release|Any CPU
	EndGlobalSection
	GlobalSection(ProjectConfigurationPlatforms) = postSolution
		{6BCA64A1-CA64-4219-A434-40BDA82018EE}.Debug|Any CPU.ActiveCfg = Debug|Any CPU
		{6BCA64A1-CA64-4219-A434-40BDA82018EE}.Debug|Any CPU.Build.0 = Debug|Any CPU
		{6BCA64A1-CA64-4219-A434-40BDA82018EE}.Release|Any CPU.ActiveCfg = Release|Any CPU
		{6BCA64A1-CA64-4219-A434-40BDA82018EE}.Release|Any CPU.Build.0 = Release|Any CPU
	EndGlobalSection
	GlobalSection(SolutionProperties) = preSolution
		HideSolutionNode = FALSE
	EndGlobalSection
	GlobalSection(ExtensibilityGlobals) = postSolution
		SolutionGuid = {5DFA267D-47B1-4A2D-BABA-D505B29D1968}
	EndGlobalSection
EndGlobal
